
Microsoft Visual Studio Solution File, Format Version 12.00
# Visual Studio Version 17
VisualStudioVersion = 17.3.32929.385
MinimumVisualStudioVersion = 10.0.40219.1
Project("{FAE04EC0-301F-11D3-BF4B-00C04F79EFBC}") = "Task manager", "Task manager\Task manager.csproj", "{19871F21-E261-4714-85CB-9770664DF5C6}"
EndProject
Global
	GlobalSection(SolutionConfigurationPlatforms) = preSolution
		Debug|Any CPU = Debug|Any CPU
		Release|Any CPU = Release|Any CPU
	EndGlobalSection
	GlobalSection(ProjectConfigurationPlatforms) = postSolution
		{19871F21-E261-4714-85CB-9770664DF5C6}.Debug|Any CPU.ActiveCfg = Debug|Any CPU
		{19871F21-E261-4714-85CB-9770664DF5C6}.Debug|Any CPU.Build.0 = Debug|Any CPU
		{19871F21-E261-4714-85CB-9770664DF5C6}.Release|Any CPU.ActiveCfg = Release|Any CPU
		{19871F21-E261-4714-85CB-9770664DF5C6}.Release|Any CPU.Build.0 = Release|Any CPU
	EndGlobalSection
	GlobalSection(SolutionProperties) = preSolution
		HideSolutionNode = FALSE
	EndGlobalSection
	GlobalSection(ExtensibilityGlobals) = postSolution
		SolutionGuid = {40E779DD-8D51-4C9E-AC6F-4FE3F7CD77F4}
	EndGlobalSection
EndGlobal
